
Microsoft Visual Studio Solution File, Format Version 12.00
# Visual Studio 14
VisualStudioVersion = 14.0.25420.1
MinimumVisualStudioVersion = 10.0.40219.1
Project("{FAE04EC0-301F-11D3-BF4B-00C04F79EFBC}") = "JQ", "JQ\JQ.csproj", "{B56ACFCA-295E-4902-A653-777DCF0C4AF9}"
EndProject
Project("{FAE04EC0-301F-11D3-BF4B-00C04F79EFBC}") = "JQ.Dependency", "JQ.Dependency\JQ.Dependency.csproj", "{65D99DC6-90FD-4C9B-974F-9A48FDEADE41}"
EndProject
Project("{FAE04EC0-301F-11D3-BF4B-00C04F79EFBC}") = "JQ.DataAccess", "JQ.DataAccess\JQ.DataAccess.csproj", "{17E8348F-25B5-40F5-AEF5-87AA99DA40DE}"
EndProject
Project("{2150E333-8FDC-42A3-9474-1A3956D46DE8}") = "06_公共基础设施", "06_公共基础设施", "{E52657B2-EF81-4DB8-87FC-8811984424BB}"
EndProject
Project("{2150E333-8FDC-42A3-9474-1A3956D46DE8}") = "05_基础设施", "05_基础设施", "{12A59F63-6A83-44B7-9A63-47B24452A1F1}"
EndProject
Project("{2150E333-8FDC-42A3-9474-1A3956D46DE8}") = "04_常量和传输对象", "04_常量和传输对象", "{68702B82-3C0F-4684-9746-D0683B271333}"
EndProject
Project("{2150E333-8FDC-42A3-9474-1A3956D46DE8}") = "03_领域", "03_领域", "{2D584258-98C6-4C7B-802A-DC88A9A567CA}"
EndProject
Project("{2150E333-8FDC-42A3-9474-1A3956D46DE8}") = "02_用户应用", "02_用户应用", "{81A49FF8-A1EA-4B49-9BF6-91C698793629}"
EndProject
Project("{2150E333-8FDC-42A3-9474-1A3956D46DE8}") = "01_页面展示", "01_页面展示", "{6EDE3E81-6D25-4BA5-83B3-0D2783D1775C}"
EndProject
Project("{FAE04EC0-301F-11D3-BF4B-00C04F79EFBC}") = "ConfigManager.Constant", "ConfigManager.Constant\ConfigManager.Constant.csproj", "{C888458B-B4E8-4F19-80EA-57F6832FFF57}"
EndProject
Project("{FAE04EC0-301F-11D3-BF4B-00C04F79EFBC}") = "ConfigManager.TransDto", "ConfigManager.TransDto\ConfigManager.TransDto.csproj", "{FB0C6CA8-89CC-4074-8538-3B715F2A7978}"
EndProject
Project("{FAE04EC0-301F-11D3-BF4B-00C04F79EFBC}") = "ConfigManager.Infrastructure", "ConfigManager.Infrastructure\ConfigManager.Infrastructure.csproj", "{BC37B036-991F-4412-B095-D03F10059D32}"
EndProject
Project("{FAE04EC0-301F-11D3-BF4B-00C04F79EFBC}") = "ConfigManager.UnitOfWork", "ConfigManager.UnitOfWork\ConfigManager.UnitOfWork.csproj", "{1330B559-1227-4338-A38F-8D0D38339FC9}"
EndProject
Project("{FAE04EC0-301F-11D3-BF4B-00C04F79EFBC}") = "ConfigManager.Repository", "ConfigManager.Repository\ConfigManager.Repository.csproj", "{C2313620-D439-4E40-AD66-7797CFBA172E}"
EndProject
Project("{FAE04EC0-301F-11D3-BF4B-00C04F79EFBC}") = "ConfigManager.DomainService", "ConfigManager.DomainService\ConfigManager.DomainService.csproj", "{EF437FEE-C6E8-4EC6-9E7D-F8A25701656F}"
EndProject
Project("{FAE04EC0-301F-11D3-BF4B-00C04F79EFBC}") = "ConfigManager.Domain", "ConfigManager.Domain\ConfigManager.Domain.csproj", "{70018CCB-213B-4DD5-814A-037F08E82F0C}"
EndProject
Project("{FAE04EC0-301F-11D3-BF4B-00C04F79EFBC}") = "ConfigManager.Application", "ConfigManager.Application\ConfigManager.Application.csproj", "{C9049B7C-1BF5-41DB-BD17-03BE7CBAA309}"
EndProject
Project("{FAE04EC0-301F-11D3-BF4B-00C04F79EFBC}") = "JQ.Web", "JQ.Web\JQ.Web.csproj", "{F17F56E1-5D7E-40AF-B1F1-EEA2EAF3FDD1}"
EndProject
Project("{FAE04EC0-301F-11D3-BF4B-00C04F79EFBC}") = "ConfigManager.Cache", "ConfigManager.Cache\ConfigManager.Cache.csproj", "{21E9664E-9956-4D1F-91A9-410CB6803B77}"
EndProject
Project("{FAE04EC0-301F-11D3-BF4B-00C04F79EFBC}") = "JQ.Redis", "JQ.Redis\JQ.Redis.csproj", "{2457F9AA-5CBA-4472-8170-9053D5491731}"
EndProject
Project("{FAE04EC0-301F-11D3-BF4B-00C04F79EFBC}") = "ConfigManager.WebManage", "ConfigManager.WebManage\ConfigManager.WebManage.csproj", "{EBEA679C-DD52-48C5-897F-4EAC499C8068}"
EndProject
Global
	GlobalSection(SolutionConfigurationPlatforms) = preSolution
		Debug|Any CPU = Debug|Any CPU
		Release|Any CPU = Release|Any CPU
	EndGlobalSection
	GlobalSection(ProjectConfigurationPlatforms) = postSolution
		{B56ACFCA-295E-4902-A653-777DCF0C4AF9}.Debug|Any CPU.ActiveCfg = Debug|Any CPU
		{B56ACFCA-295E-4902-A653-777DCF0C4AF9}.Debug|Any CPU.Build.0 = Debug|Any CPU
		{B56ACFCA-295E-4902-A653-777DCF0C4AF9}.Release|Any CPU.ActiveCfg = Release|Any CPU
		{B56ACFCA-295E-4902-A653-777DCF0C4AF9}.Release|Any CPU.Build.0 = Release|Any CPU
		{65D99DC6-90FD-4C9B-974F-9A48FDEADE41}.Debug|Any CPU.ActiveCfg = Debug|Any CPU
		{65D99DC6-90FD-4C9B-974F-9A48FDEADE41}.Debug|Any CPU.Build.0 = Debug|Any CPU
		{65D99DC6-90FD-4C9B-974F-9A48FDEADE41}.Release|Any CPU.ActiveCfg = Release|Any CPU
		{65D99DC6-90FD-4C9B-974F-9A48FDEADE41}.Release|Any CPU.Build.0 = Release|Any CPU
		{17E8348F-25B5-40F5-AEF5-87AA99DA40DE}.Debug|Any CPU.ActiveCfg = Debug|Any CPU
		{17E8348F-25B5-40F5-AEF5-87AA99DA40DE}.Debug|Any CPU.Build.0 = Debug|Any CPU
		{17E8348F-25B5-40F5-AEF5-87AA99DA40DE}.Release|Any CPU.ActiveCfg = Release|Any CPU
		{17E8348F-25B5-40F5-AEF5-87AA99DA40DE}.Release|Any CPU.Build.0 = Release|Any CPU
		{C888458B-B4E8-4F19-80EA-57F6832FFF57}.Debug|Any CPU.ActiveCfg = Debug|Any CPU
		{C888458B-B4E8-4F19-80EA-57F6832FFF57}.Debug|Any CPU.Build.0 = Debug|Any CPU
		{C888458B-B4E8-4F19-80EA-57F6832FFF57}.Release|Any CPU.ActiveCfg = Release|Any CPU
		{C888458B-B4E8-4F19-80EA-57F6832FFF57}.Release|Any CPU.Build.0 = Release|Any CPU
		{FB0C6CA8-89CC-4074-8538-3B715F2A7978}.Debug|Any CPU.ActiveCfg = Debug|Any CPU
		{FB0C6CA8-89CC-4074-8538-3B715F2A7978}.Debug|Any CPU.Build.0 = Debug|Any CPU
		{FB0C6CA8-89CC-4074-8538-3B715F2A7978}.Release|Any CPU.ActiveCfg = Release|Any CPU
		{FB0C6CA8-89CC-4074-8538-3B715F2A7978}.Release|Any CPU.Build.0 = Release|Any CPU
		{BC37B036-991F-4412-B095-D03F10059D32}.Debug|Any CPU.ActiveCfg = Debug|Any CPU
		{BC37B036-991F-4412-B095-D03F10059D32}.Debug|Any CPU.Build.0 = Debug|Any CPU
		{BC37B036-991F-4412-B095-D03F10059D32}.Release|Any CPU.ActiveCfg = Release|Any CPU
		{BC37B036-991F-4412-B095-D03F10059D32}.Release|Any CPU.Build.0 = Release|Any CPU
		{1330B559-1227-4338-A38F-8D0D38339FC9}.Debug|Any CPU.ActiveCfg = Debug|Any CPU
		{1330B559-1227-4338-A38F-8D0D38339FC9}.Debug|Any CPU.Build.0 = Debug|Any CPU
		{1330B559-1227-4338-A38F-8D0D38339FC9}.Release|Any CPU.ActiveCfg = Release|Any CPU
		{1330B559-1227-4338-A38F-8D0D38339FC9}.Release|Any CPU.Build.0 = Release|Any CPU
		{C2313620-D439-4E40-AD66-7797CFBA172E}.Debug|Any CPU.ActiveCfg = Debug|Any CPU
		{C2313620-D439-4E40-AD66-7797CFBA172E}.Debug|Any CPU.Build.0 = Debug|Any CPU
		{C2313620-D439-4E40-AD66-7797CFBA172E}.Release|Any CPU.ActiveCfg = Release|Any CPU
		{C2313620-D439-4E40-AD66-7797CFBA172E}.Release|Any CPU.Build.0 = Release|Any CPU
		{EF437FEE-C6E8-4EC6-9E7D-F8A25701656F}.Debug|Any CPU.ActiveCfg = Debug|Any CPU
		{EF437FEE-C6E8-4EC6-9E7D-F8A25701656F}.Debug|Any CPU.Build.0 = Debug|Any CPU
		{EF437FEE-C6E8-4EC6-9E7D-F8A25701656F}.Release|Any CPU.ActiveCfg = Release|Any CPU
		{EF437FEE-C6E8-4EC6-9E7D-F8A25701656F}.Release|Any CPU.Build.0 = Release|Any CPU
		{70018CCB-213B-4DD5-814A-037F08E82F0C}.Debug|Any CPU.ActiveCfg = Debug|Any CPU
		{70018CCB-213B-4DD5-814A-037F08E82F0C}.Debug|Any CPU.Build.0 = Debug|Any CPU
		{70018CCB-213B-4DD5-814A-037F08E82F0C}.Release|Any CPU.ActiveCfg = Release|Any CPU
		{70018CCB-213B-4DD5-814A-037F08E82F0C}.Release|Any CPU.Build.0 = Release|Any CPU
		{C9049B7C-1BF5-41DB-BD17-03BE7CBAA309}.Debug|Any CPU.ActiveCfg = Debug|Any CPU
		{C9049B7C-1BF5-41DB-BD17-03BE7CBAA309}.Debug|Any CPU.Build.0 = Debug|Any CPU
		{C9049B7C-1BF5-41DB-BD17-03BE7CBAA309}.Release|Any CPU.ActiveCfg = Release|Any CPU
		{C9049B7C-1BF5-41DB-BD17-03BE7CBAA309}.Release|Any CPU.Build.0 = Release|Any CPU
		{F17F56E1-5D7E-40AF-B1F1-EEA2EAF3FDD1}.Debug|Any CPU.ActiveCfg = Debug|Any CPU
		{F17F56E1-5D7E-40AF-B1F1-EEA2EAF3FDD1}.Debug|Any CPU.Build.0 = Debug|Any CPU
		{F17F56E1-5D7E-40AF-B1F1-EEA2EAF3FDD1}.Release|Any CPU.ActiveCfg = Release|Any CPU
		{F17F56E1-5D7E-40AF-B1F1-EEA2EAF3FDD1}.Release|Any CPU.Build.0 = Release|Any CPU
		{21E9664E-9956-4D1F-91A9-410CB6803B77}.Debug|Any CPU.ActiveCfg = Debug|Any CPU
		{21E9664E-9956-4D1F-91A9-410CB6803B77}.Debug|Any CPU.Build.0 = Debug|Any CPU
		{21E9664E-9956-4D1F-91A9-410CB6803B77}.Release|Any CPU.ActiveCfg = Release|Any CPU
		{21E9664E-9956-4D1F-91A9-410CB6803B77}.Release|Any CPU.Build.0 = Release|Any CPU
		{2457F9AA-5CBA-4472-8170-9053D5491731}.Debug|Any CPU.ActiveCfg = Debug|Any CPU
		{2457F9AA-5CBA-4472-8170-9053D5491731}.Debug|Any CPU.Build.0 = Debug|Any CPU
		{2457F9AA-5CBA-4472-8170-9053D5491731}.Release|Any CPU.ActiveCfg = Release|Any CPU
		{2457F9AA-5CBA-4472-8170-9053D5491731}.Release|Any CPU.Build.0 = Release|Any CPU
		{EBEA679C-DD52-48C5-897F-4EAC499C8068}.Debug|Any CPU.ActiveCfg = Debug|Any CPU
		{EBEA679C-DD52-48C5-897F-4EAC499C8068}.Debug|Any CPU.Build.0 = Debug|Any CPU
		{EBEA679C-DD52-48C5-897F-4EAC499C8068}.Release|Any CPU.ActiveCfg = Release|Any CPU
		{EBEA679C-DD52-48C5-897F-4EAC499C8068}.Release|Any CPU.Build.0 = Release|Any CPU
	EndGlobalSection
	GlobalSection(SolutionProperties) = preSolution
		HideSolutionNode = FALSE
	EndGlobalSection
	GlobalSection(NestedProjects) = preSolution
		{B56ACFCA-295E-4902-A653-777DCF0C4AF9} = {E52657B2-EF81-4DB8-87FC-8811984424BB}
		{65D99DC6-90FD-4C9B-974F-9A48FDEADE41} = {E52657B2-EF81-4DB8-87FC-8811984424BB}
		{17E8348F-25B5-40F5-AEF5-87AA99DA40DE} = {E52657B2-EF81-4DB8-87FC-8811984424BB}
		{C888458B-B4E8-4F19-80EA-57F6832FFF57} = {68702B82-3C0F-4684-9746-D0683B271333}
		{FB0C6CA8-89CC-4074-8538-3B715F2A7978} = {68702B82-3C0F-4684-9746-D0683B271333}
		{BC37B036-991F-4412-B095-D03F10059D32} = {12A59F63-6A83-44B7-9A63-47B24452A1F1}
		{1330B559-1227-4338-A38F-8D0D38339FC9} = {2D584258-98C6-4C7B-802A-DC88A9A567CA}
		{C2313620-D439-4E40-AD66-7797CFBA172E} = {2D584258-98C6-4C7B-802A-DC88A9A567CA}
		{EF437FEE-C6E8-4EC6-9E7D-F8A25701656F} = {2D584258-98C6-4C7B-802A-DC88A9A567CA}
		{70018CCB-213B-4DD5-814A-037F08E82F0C} = {2D584258-98C6-4C7B-802A-DC88A9A567CA}
		{C9049B7C-1BF5-41DB-BD17-03BE7CBAA309} = {81A49FF8-A1EA-4B49-9BF6-91C698793629}
		{F17F56E1-5D7E-40AF-B1F1-EEA2EAF3FDD1} = {E52657B2-EF81-4DB8-87FC-8811984424BB}
		{21E9664E-9956-4D1F-91A9-410CB6803B77} = {2D584258-98C6-4C7B-802A-DC88A9A567CA}
		{2457F9AA-5CBA-4472-8170-9053D5491731} = {E52657B2-EF81-4DB8-87FC-8811984424BB}
		{EBEA679C-DD52-48C5-897F-4EAC499C8068} = {6EDE3E81-6D25-4BA5-83B3-0D2783D1775C}
	EndGlobalSection
EndGlobal
